
Microsoft Visual Studio Solution File, Format Version 12.00
# Visual Studio Version 17
VisualStudioVersion = 17.0.31903.59
MinimumVisualStudioVersion = 10.0.40219.1
Project("{9A19103F-16F7-4668-BE54-9A1E7A4F7556}") = "Notifyre", "Notifyre\Notifyre.csproj", "{38673500-BD30-48A4-9028-17A12C350F07}"
EndProject
Project("{9A19103F-16F7-4668-BE54-9A1E7A4F7556}") = "NotifyreTests", "NotifyreTests\NotifyreTests.csproj", "{F33380CD-80C0-4EBE-8D30-41F4FC42F8D0}"
EndProject
Global
	GlobalSection(SolutionConfigurationPlatforms) = preSolution
		Debug|Any CPU = Debug|Any CPU
		Release|Any CPU = Release|Any CPU
	EndGlobalSection
	GlobalSection(ProjectConfigurationPlatforms) = postSolution
		{38673500-BD30-48A4-9028-17A12C350F07}.Debug|Any CPU.ActiveCfg = Debug|Any CPU
		{38673500-BD30-48A4-9028-17A12C350F07}.Debug|Any CPU.Build.0 = Debug|Any CPU
		{38673500-BD30-48A4-9028-17A12C350F07}.Release|Any CPU.ActiveCfg = Release|Any CPU
		{38673500-BD30-48A4-9028-17A12C350F07}.Release|Any CPU.Build.0 = Release|Any CPU
		{F33380CD-80C0-4EBE-8D30-41F4FC42F8D0}.Debug|Any CPU.ActiveCfg = Debug|Any CPU
		{F33380CD-80C0-4EBE-8D30-41F4FC42F8D0}.Debug|Any CPU.Build.0 = Debug|Any CPU
		{F33380CD-80C0-4EBE-8D30-41F4FC42F8D0}.Release|Any CPU.ActiveCfg = Release|Any CPU
		{F33380CD-80C0-4EBE-8D30-41F4FC42F8D0}.Release|Any CPU.Build.0 = Release|Any CPU
	EndGlobalSection
	GlobalSection(SolutionProperties) = preSolution
		HideSolutionNode = FALSE
	EndGlobalSection
	GlobalSection(ExtensibilityGlobals) = postSolution
		SolutionGuid = {A69C46E4-A565-4D40-8CF2-5BFCBCC5C4EB}
	EndGlobalSection
EndGlobal
